// !$*UTF8*$!
{
	archiveVersion = 1;
	classes = {
	};
	objectVersion = 55;
	objects = {

/* Begin PBXBuildFile section */
		B8E6191727434AF500282CCD /* GSignInApp.swift in Sources */ = {isa = PBXBuildFile; fileRef = B8E6191627434AF500282CCD /* GSignInApp.swift */; };
		B8E6191927434AF500282CCD /* ContentView.swift in Sources */ = {isa = PBXBuildFile; fileRef = B8E6191827434AF500282CCD /* ContentView.swift */; };
		B8E6191B27434AF800282CCD /* Assets.xcassets in Resources */ = {isa = PBXBuildFile; fileRef = B8E6191A27434AF800282CCD /* Assets.xcassets */; };
		B8E6191E27434AF800282CCD /* Preview Assets.xcassets in Resources */ = {isa = PBXBuildFile; fileRef = B8E6191D27434AF800282CCD /* Preview Assets.xcassets */; };
		B8E6192627434B3D00282CCD /* GoogleSignIn in Frameworks */ = {isa = PBXBuildFile; productRef = B8E6192527434B3D00282CCD /* GoogleSignIn */; };
		B8E6192927434B5E00282CCD /* GoogleService-Info.plist in Resources */ = {isa = PBXBuildFile; fileRef = B8E6192827434B5E00282CCD /* GoogleService-Info.plist */; };
		B8E6192B27434B7D00282CCD /* LoginView.swift in Sources */ = {isa = PBXBuildFile; fileRef = B8E6192A27434B7D00282CCD /* LoginView.swift */; };
		B8E6192E27434CA500282CCD /* FirebaseAuth in Frameworks */ = {isa = PBXBuildFile; productRef = B8E6192D27434CA500282CCD /* FirebaseAuth */; };
		B8E619302743500300282CCD /* GoogleSignInViewModel.swift in Sources */ = {isa = PBXBuildFile; fileRef = B8E6192F2743500300282CCD /* GoogleSignInViewModel.swift */; };
		B8E619322743502800282CCD /* UserModel.swift in Sources */ = {isa = PBXBuildFile; fileRef = B8E619312743502800282CCD /* UserModel.swift */; };
		B8E619362743538800282CCD /* HomeView.swift in Sources */ = {isa = PBXBuildFile; fileRef = B8E619352743538800282CCD /* HomeView.swift */; };
/* End PBXBuildFile section */

/* Begin PBXFileReference section */
		B8E6191327434AF500282CCD /* GSignIn.app */ = {isa = PBXFileReference; explicitFileType = wrapper.application; includeInIndex = 0; path = GSignIn.app; sourceTree = BUILT_PRODUCTS_DIR; };
		B8E6191627434AF500282CCD /* GSignInApp.swift */ = {isa = PBXFileReference; lastKnownFileType = sourcecode.swift; path = GSignInApp.swift; sourceTree = "<group>"; };
		B8E6191827434AF500282CCD /* ContentView.swift */ = {isa = PBXFileReference; lastKnownFileType = sourcecode.swift; path = ContentView.swift; sourceTree = "<group>"; };
		B8E6191A27434AF800282CCD /* Assets.xcassets */ = {isa = PBXFileReference; lastKnownFileType = folder.assetcatalog; path = Assets.xcassets; sourceTree = "<group>"; };
		B8E6191D27434AF800282CCD /* Preview Assets.xcassets */ = {isa = PBXFileReference; lastKnownFileType = folder.assetcatalog; path = "Preview Assets.xcassets"; sourceTree = "<group>"; };
		B8E6192727434B5200282CCD /* Info.plist */ = {isa = PBXFileReference; lastKnownFileType = text.plist; path = Info.plist; sourceTree = "<group>"; };
		B8E6192827434B5E00282CCD /* GoogleService-Info.plist */ = {isa = PBXFileReference; fileEncoding = 4; lastKnownFileType = text.plist.xml; path = "GoogleService-Info.plist"; sourceTree = "<group>"; };
		B8E6192A27434B7D00282CCD /* LoginView.swift */ = {isa = PBXFileReference; lastKnownFileType = sourcecode.swift; path = LoginView.swift; sourceTree = "<group>"; };
		B8E6192F2743500300282CCD /* GoogleSignInViewModel.swift */ = {isa = PBXFileReference; lastKnownFileType = sourcecode.swift; path = GoogleSignInViewModel.swift; sourceTree = "<group>"; };
		B8E619312743502800282CCD /* UserModel.swift */ = {isa = PBXFileReference; lastKnownFileType = sourcecode.swift; path = UserModel.swift; sourceTree = "<group>"; };
		B8E619352743538800282CCD /* HomeView.swift */ = {isa = PBXFileReference; lastKnownFileType = sourcecode.swift; path = HomeView.swift; sourceTree = "<group>"; };
/* End PBXFileReference section */

/* Begin PBXFrameworksBuildPhase section */
		B8E6191027434AF500282CCD /* Frameworks */ = {
			isa = PBXFrameworksBuildPhase;
			buildActionMask = 2147483647;
			files = (
				B8E6192627434B3D00282CCD /* GoogleSignIn in Frameworks */,
				B8E6192E27434CA500282CCD /* FirebaseAuth in Frameworks */,
			);
			runOnlyForDeploymentPostprocessing = 0;
		};
/* End PBXFrameworksBuildPhase section */

/* Begin PBXGroup section */
		B8E6190A27434AF500282CCD = {
			isa = PBXGroup;
			children = (
				B8E6191527434AF500282CCD /* GSignIn */,
				B8E6191427434AF500282CCD /* Products */,
			);
			sourceTree = "<group>";
		};
		B8E6191427434AF500282CCD /* Products */ = {
			isa = PBXGroup;
			children = (
				B8E6191327434AF500282CCD /* GSignIn.app */,
			);
			name = Products;
			sourceTree = "<group>";
		};
		B8E6191527434AF500282CCD /* GSignIn */ = {
			isa = PBXGroup;
			children = (
				B8E6192827434B5E00282CCD /* GoogleService-Info.plist */,
				B8E6192727434B5200282CCD /* Info.plist */,
				B8E6191627434AF500282CCD /* GSignInApp.swift */,
				B8E6191827434AF500282CCD /* ContentView.swift */,
				B8E619352743538800282CCD /* HomeView.swift */,
				B8E6192A27434B7D00282CCD /* LoginView.swift */,
				B8E6192F2743500300282CCD /* GoogleSignInViewModel.swift */,
				B8E619312743502800282CCD /* UserModel.swift */,
				B8E6191A27434AF800282CCD /* Assets.xcassets */,
				B8E6191C27434AF800282CCD /* Preview Content */,
			);
			path = GSignIn;
			sourceTree = "<group>";
		};
		B8E6191C27434AF800282CCD /* Preview Content */ = {
			isa = PBXGroup;
			children = (
				B8E6191D27434AF800282CCD /* Preview Assets.xcassets */,
			);
			path = "Preview Content";
			sourceTree = "<group>";
		};
/* End PBXGroup section */

/* Begin PBXNativeTarget section */
		B8E6191227434AF500282CCD /* GSignIn */ = {
			isa = PBXNativeTarget;
			buildConfigurationList = B8E6192127434AF800282CCD /* Build configuration list for PBXNativeTarget "GSignIn" */;
			buildPhases = (
				B8E6190F27434AF500282CCD /* Sources */,
				B8E6191027434AF500282CCD /* Frameworks */,
				B8E6191127434AF500282CCD /* Resources */,
			);
			buildRules = (
			);
			dependencies = (
			);
			name = GSignIn;
			packageProductDependencies = (
				B8E6192527434B3D00282CCD /* GoogleSignIn */,
				B8E6192D27434CA500282CCD /* FirebaseAuth */,
			);
			productName = GSignIn;
			productReference = B8E6191327434AF500282CCD /* GSignIn.app */;
			productType = "com.apple.product-type.application";
		};
/* End PBXNativeTarget section */

/* Begin PBXProject section */
		B8E6190B27434AF500282CCD /* Project object */ = {
			isa = PBXProject;
			attributes = {
				BuildIndependentTargetsInParallel = 1;
				LastSwiftUpdateCheck = 1310;
				LastUpgradeCheck = 1310;
				TargetAttributes = {
					B8E6191227434AF500282CCD = {
						CreatedOnToolsVersion = 13.1;
					};
				};
			};
			buildConfigurationList = B8E6190E27434AF500282CCD /* Build configuration list for PBXProject "GSignIn" */;
			compatibilityVersion = "Xcode 13.0";
			developmentRegion = en;
			hasScannedForEncodings = 0;
			knownRegions = (
				en,
				Base,
			);
			mainGroup = B8E6190A27434AF500282CCD;
			packageReferences = (
				B8E6192427434B3D00282CCD /* XCRemoteSwiftPackageReference "GoogleSignIn-iOS" */,
				B8E6192C27434CA500282CCD /* XCRemoteSwiftPackageReference "firebase-ios-sdk" */,
			);
			productRefGroup = B8E6191427434AF500282CCD /* Products */;
			projectDirPath = "";
			projectRoot = "";
			targets = (
				B8E6191227434AF500282CCD /* GSignIn */,
			);
		};
/* End PBXProject section */

/* Begin PBXResourcesBuildPhase section */
		B8E6191127434AF500282CCD /* Resources */ = {
			isa = PBXResourcesBuildPhase;
			buildActionMask = 2147483647;
			files = (
				B8E6191E27434AF800282CCD /* Preview Assets.xcassets in Resources */,
				B8E6191B27434AF800282CCD /* Assets.xcassets in Resources */,
				B8E6192927434B5E00282CCD /* GoogleService-Info.plist in Resources */,
			);
			runOnlyForDeploymentPostprocessing = 0;
		};
/* End PBXResourcesBuildPhase section */

/* Begin PBXSourcesBuildPhase section */
		B8E6190F27434AF500282CCD /* Sources */ = {
			isa = PBXSourcesBuildPhase;
			buildActionMask = 2147483647;
			files = (
				B8E6192B27434B7D00282CCD /* LoginView.swift in Sources */,
				B8E619322743502800282CCD /* UserModel.swift in Sources */,
				B8E6191927434AF500282CCD /* ContentView.swift in Sources */,
				B8E619362743538800282CCD /* HomeView.swift in Sources */,
				B8E6191727434AF500282CCD /* GSignInApp.swift in Sources */,
				B8E619302743500300282CCD /* GoogleSignInViewModel.swift in Sources */,
			);
			runOnlyForDeploymentPostprocessing = 0;
		};
/* End PBXSourcesBuildPhase section */

/* Begin XCBuildConfiguration section */
		B8E6191F27434AF800282CCD /* Debug */ = {
			isa = XCBuildConfiguration;
			buildSettings = {
				ALWAYS_SEARCH_USER_PATHS = NO;
				CLANG_ANALYZER_NONNULL = YES;
				CLANG_ANALYZER_NUMBER_OBJECT_CONVERSION = YES_AGGRESSIVE;
				CLANG_CXX_LANGUAGE_STANDARD = "gnu++17";
				CLANG_CXX_LIBRARY = "libc++";
				CLANG_ENABLE_MODULES = YES;
				CLANG_ENABLE_OBJC_ARC = YES;
				CLANG_ENABLE_OBJC_WEAK = YES;
				CLANG_WARN_BLOCK_CAPTURE_AUTORELEASING = YES;
				CLANG_WARN_BOOL_CONVERSION = YES;
				CLANG_WARN_COMMA = YES;
				CLANG_WARN_CONSTANT_CONVERSION = YES;
				CLANG_WARN_DEPRECATED_OBJC_IMPLEMENTATIONS = YES;
				CLANG_WARN_DIRECT_OBJC_ISA_USAGE = YES_ERROR;
				CLANG_WARN_DOCUMENTATION_COMMENTS = YES;
				CLANG_WARN_EMPTY_BODY = YES;
				CLANG_WARN_ENUM_CONVERSION = YES;
				CLANG_WARN_INFINITE_RECURSION = YES;
				CLANG_WARN_INT_CONVERSION = YES;
				CLANG_WARN_NON_LITERAL_NULL_CONVERSION = YES;
				CLANG_WARN_OBJC_IMPLICIT_RETAIN_SELF = YES;
				CLANG_WARN_OBJC_LITERAL_CONVERSION = YES;
				CLANG_WARN_OBJC_ROOT_CLASS = YES_ERROR;
				CLANG_WARN_QUOTED_INCLUDE_IN_FRAMEWORK_HEADER = YES;
				CLANG_WARN_RANGE_LOOP_ANALYSIS = YES;
				CLANG_WARN_STRICT_PROTOTYPES = YES;
				CLANG_WARN_SUSPICIOUS_MOVE = YES;
				CLANG_WARN_UNGUARDED_AVAILABILITY = YES_AGGRESSIVE;
				CLANG_WARN_UNREACHABLE_CODE = YES;
				CLANG_WARN__DUPLICATE_METHOD_MATCH = YES;
				COPY_PHASE_STRIP = NO;
				DEBUG_INFORMATION_FORMAT = dwarf;
				ENABLE_STRICT_OBJC_MSGSEND = YES;
				ENABLE_TESTABILITY = YES;
				GCC_C_LANGUAGE_STANDARD = gnu11;
				GCC_DYNAMIC_NO_PIC = NO;
				GCC_NO_COMMON_BLOCKS = YES;
				GCC_OPTIMIZATION_LEVEL = 0;
				GCC_PREPROCESSOR_DEFINITIONS = (
					"DEBUG=1",
					"$(inherited)",
				);
				GCC_WARN_64_TO_32_BIT_CONVERSION = YES;
				GCC_WARN_ABOUT_RETURN_TYPE = YES_ERROR;
				GCC_WARN_UNDECLARED_SELECTOR = YES;
				GCC_WARN_UNINITIALIZED_AUTOS = YES_AGGRESSIVE;
				GCC_WARN_UNUSED_FUNCTION = YES;
				GCC_WARN_UNUSED_VARIABLE = YES;
				IPHONEOS_DEPLOYMENT_TARGET = 15.0;
				MTL_ENABLE_DEBUG_INFO = INCLUDE_SOURCE;
				MTL_FAST_MATH = YES;
				ONLY_ACTIVE_ARCH = YES;
				SDKROOT = iphoneos;
				SWIFT_ACTIVE_COMPILATION_CONDITIONS = DEBUG;
				SWIFT_OPTIMIZATION_LEVEL = "-Onone";
			};
			name = Debug;
		};
		B8E6192027434AF800282CCD /* Release */ = {
			isa = XCBuildConfiguration;
			buildSettings = {
				ALWAYS_SEARCH_USER_PATHS = NO;
				CLANG_ANALYZER_NONNULL = YES;
				CLANG_ANALYZER_NUMBER_OBJECT_CONVERSION = YES_AGGRESSIVE;
				CLANG_CXX_LANGUAGE_STANDARD = "gnu++17";
				CLANG_CXX_LIBRARY = "libc++";
				CLANG_ENABLE_MODULES = YES;
				CLANG_ENABLE_OBJC_ARC = YES;
				CLANG_ENABLE_OBJC_WEAK = YES;
				CLANG_WARN_BLOCK_CAPTURE_AUTORELEASING = YES;
				CLANG_WARN_BOOL_CONVERSION = YES;
				CLANG_WARN_COMMA = YES;
				CLANG_WARN_CONSTANT_CONVERSION = YES;
				CLANG_WARN_DEPRECATED_OBJC_IMPLEMENTATIONS = YES;
				CLANG_WARN_DIRECT_OBJC_ISA_USAGE = YES_ERROR;
				CLANG_WARN_DOCUMENTATION_COMMENTS = YES;
				CLANG_WARN_EMPTY_BODY = YES;
				CLANG_WARN_ENUM_CONVERSION = YES;
				CLANG_WARN_INFINITE_RECURSION = YES;
				CLANG_WARN_INT_CONVERSION = YES;
				CLANG_WARN_NON_LITERAL_NULL_CONVERSION = YES;
				CLANG_WARN_OBJC_IMPLICIT_RETAIN_SELF = YES;
				CLANG_WARN_OBJC_LITERAL_CONVERSION = YES;
				CLANG_WARN_OBJC_ROOT_CLASS = YES_ERROR;
				CLANG_WARN_QUOTED_INCLUDE_IN_FRAMEWORK_HEADER = YES;
				CLANG_WARN_RANGE_LOOP_ANALYSIS = YES;
				CLANG_WARN_STRICT_PROTOTYPES = YES;
				CLANG_WARN_SUSPICIOUS_MOVE = YES;
				CLANG_WARN_UNGUARDED_AVAILABILITY = YES_AGGRESSIVE;
				CLANG_WARN_UNREACHABLE_CODE = YES;
				CLANG_WARN__DUPLICATE_METHOD_MATCH = YES;
				COPY_PHASE_STRIP = NO;
				DEBUG_INFORMATION_FORMAT = "dwarf-with-dsym";
				ENABLE_NS_ASSERTIONS = NO;
				ENABLE_STRICT_OBJC_MSGSEND = YES;
				GCC_C_LANGUAGE_STANDARD = gnu11;
				GCC_NO_COMMON_BLOCKS = YES;
				GCC_WARN_64_TO_32_BIT_CONVERSION = YES;
				GCC_WARN_ABOUT_RETURN_TYPE = YES_ERROR;
				GCC_WARN_UNDECLARED_SELECTOR = YES;
				GCC_WARN_UNINITIALIZED_AUTOS = YES_AGGRESSIVE;
				GCC_WARN_UNUSED_FUNCTION = YES;
				GCC_WARN_UNUSED_VARIABLE = YES;
				IPHONEOS_DEPLOYMENT_TARGET = 15.0;
				MTL_ENABLE_DEBUG_INFO = NO;
				MTL_FAST_MATH = YES;
				SDKROOT = iphoneos;
				SWIFT_COMPILATION_MODE = wholemodule;
				SWIFT_OPTIMIZATION_LEVEL = "-O";
				VALIDATE_PRODUCT = YES;
			};
			name = Release;
		};
		B8E6192227434AF800282CCD /* Debug */ = {
			isa = XCBuildConfiguration;
			buildSettings = {
				ASSETCATALOG_COMPILER_APPICON_NAME = AppIcon;
				ASSETCATALOG_COMPILER_GLOBAL_ACCENT_COLOR_NAME = AccentColor;
				CODE_SIGN_STYLE = Automatic;
				CURRENT_PROJECT_VERSION = 1;
				DEVELOPMENT_ASSET_PATHS = "\"GSignIn/Preview Content\"";
				ENABLE_PREVIEWS = YES;
				GENERATE_INFOPLIST_FILE = YES;
				INFOPLIST_FILE = GSignIn/Info.plist;
				INFOPLIST_KEY_UIApplicationSceneManifest_Generation = YES;
				INFOPLIST_KEY_UIApplicationSupportsIndirectInputEvents = YES;
				INFOPLIST_KEY_UILaunchScreen_Generation = YES;
				INFOPLIST_KEY_UISupportedInterfaceOrientations_iPad = "UIInterfaceOrientationPortrait UIInterfaceOrientationPortraitUpsideDown UIInterfaceOrientationLandscapeLeft UIInterfaceOrientationLandscapeRight";
				INFOPLIST_KEY_UISupportedInterfaceOrientations_iPhone = "UIInterfaceOrientationPortrait UIInterfaceOrientationLandscapeLeft UIInterfaceOrientationLandscapeRight";
				LD_RUNPATH_SEARCH_PATHS = (
					"$(inherited)",
					"@executable_path/Frameworks",
				);
				MARKETING_VERSION = 1.0;
				PRODUCT_BUNDLE_IDENTIFIER = com.addindev.GSignIn;
				PRODUCT_NAME = "$(TARGET_NAME)";
				SWIFT_EMIT_LOC_STRINGS = YES;
				SWIFT_VERSION = 5.0;
				TARGETED_DEVICE_FAMILY = "1,2";
			};
			name = Debug;
		};
		B8E6192327434AF800282CCD /* Release */ = {
			isa = XCBuildConfiguration;
			buildSettings = {
				ASSETCATALOG_COMPILER_APPICON_NAME = AppIcon;
				ASSETCATALOG_COMPILER_GLOBAL_ACCENT_COLOR_NAME = AccentColor;
				CODE_SIGN_STYLE = Automatic;
				CURRENT_PROJECT_VERSION = 1;
				DEVELOPMENT_ASSET_PATHS = "\"GSignIn/Preview Content\"";
				ENABLE_PREVIEWS = YES;
				GENERATE_INFOPLIST_FILE = YES;
				INFOPLIST_FILE = GSignIn/Info.plist;
				INFOPLIST_KEY_UIApplicationSceneManifest_Generation = YES;
				INFOPLIST_KEY_UIApplicationSupportsIndirectInputEvents = YES;
				INFOPLIST_KEY_UILaunchScreen_Generation = YES;
				INFOPLIST_KEY_UISupportedInterfaceOrientations_iPad = "UIInterfaceOrientationPortrait UIInterfaceOrientationPortraitUpsideDown UIInterfaceOrientationLandscapeLeft UIInterfaceOrientationLandscapeRight";
				INFOPLIST_KEY_UISupportedInterfaceOrientations_iPhone = "UIInterfaceOrientationPortrait UIInterfaceOrientationLandscapeLeft UIInterfaceOrientationLandscapeRight";
				LD_RUNPATH_SEARCH_PATHS = (
					"$(inherited)",
					"@executable_path/Frameworks",
				);
				MARKETING_VERSION = 1.0;
				PRODUCT_BUNDLE_IDENTIFIER = com.addindev.GSignIn;
				PRODUCT_NAME = "$(TARGET_NAME)";
				SWIFT_EMIT_LOC_STRINGS = YES;
				SWIFT_VERSION = 5.0;
				TARGETED_DEVICE_FAMILY = "1,2";
			};
			name = Release;
		};
/* End XCBuildConfiguration section */

/* Begin XCConfigurationList section */
		B8E6190E27434AF500282CCD /* Build configuration list for PBXProject "GSignIn" */ = {
			isa = XCConfigurationList;
			buildConfigurations = (
				B8E6191F27434AF800282CCD /* Debug */,
				B8E6192027434AF800282CCD /* Release */,
			);
			defaultConfigurationIsVisible = 0;
			defaultConfigurationName = Release;
		};
		B8E6192127434AF800282CCD /* Build configuration list for PBXNativeTarget "GSignIn" */ = {
			isa = XCConfigurationList;
			buildConfigurations = (
				B8E6192227434AF800282CCD /* Debug */,
				B8E6192327434AF800282CCD /* Release */,
			);
			defaultConfigurationIsVisible = 0;
			defaultConfigurationName = Release;
		};
/* End XCConfigurationList section */

/* Begin XCRemoteSwiftPackageReference section */
		B8E6192427434B3D00282CCD /* XCRemoteSwiftPackageReference "GoogleSignIn-iOS" */ = {
			isa = XCRemoteSwiftPackageReference;
			repositoryURL = "https://github.com/google/GoogleSignIn-iOS.git";
			requirement = {
				kind = upToNextMajorVersion;
				minimumVersion = 6.0.0;
			};
		};
		B8E6192C27434CA500282CCD /* XCRemoteSwiftPackageReference "firebase-ios-sdk" */ = {
			isa = XCRemoteSwiftPackageReference;
			repositoryURL = "https://github.com/firebase/firebase-ios-sdk.git";
			requirement = {
				kind = upToNextMajorVersion;
				minimumVersion = 8.0.0;
			};
		};
/* End XCRemoteSwiftPackageReference section */

/* Begin XCSwiftPackageProductDependency section */
		B8E6192527434B3D00282CCD /* GoogleSignIn */ = {
			isa = XCSwiftPackageProductDependency;
			package = B8E6192427434B3D00282CCD /* XCRemoteSwiftPackageReference "GoogleSignIn-iOS" */;
			productName = GoogleSignIn;
		};
		B8E6192D27434CA500282CCD /* FirebaseAuth */ = {
			isa = XCSwiftPackageProductDependency;
			package = B8E6192C27434CA500282CCD /* XCRemoteSwiftPackageReference "firebase-ios-sdk" */;
			productName = FirebaseAuth;
		};
/* End XCSwiftPackageProductDependency section */
	};
	rootObject = B8E6190B27434AF500282CCD /* Project object */;
}
